
Microsoft Visual Studio Solution File, Format Version 12.00
# Visual Studio Version 17
VisualStudioVersion = 17.4.33403.182
MinimumVisualStudioVersion = 10.0.40219.1
Project("{FAE04EC0-301F-11D3-BF4B-00C04F79EFBC}") = "LibraryAPI", "LibraryAPI\LibraryAPI.csproj", "{74FB6495-3328-447A-91DF-866A797ED286}"
EndProject
Project("{FAE04EC0-301F-11D3-BF4B-00C04F79EFBC}") = "LibraryWebAppClient", "LibraryWebAppClient\LibraryWebAppClient.csproj", "{2D464B4A-93C7-45F4-B9AB-9B58B09FEE0D}"
EndProject
Global
	GlobalSection(SolutionConfigurationPlatforms) = preSolution
		Debug|Any CPU = Debug|Any CPU
		Release|Any CPU = Release|Any CPU
	EndGlobalSection
	GlobalSection(ProjectConfigurationPlatforms) = postSolution
		{74FB6495-3328-447A-91DF-866A797ED286}.Debug|Any CPU.ActiveCfg = Debug|Any CPU
		{74FB6495-3328-447A-91DF-866A797ED286}.Debug|Any CPU.Build.0 = Debug|Any CPU
		{74FB6495-3328-447A-91DF-866A797ED286}.Release|Any CPU.ActiveCfg = Release|Any CPU
		{74FB6495-3328-447A-91DF-866A797ED286}.Release|Any CPU.Build.0 = Release|Any CPU
		{2D464B4A-93C7-45F4-B9AB-9B58B09FEE0D}.Debug|Any CPU.ActiveCfg = Debug|Any CPU
		{2D464B4A-93C7-45F4-B9AB-9B58B09FEE0D}.Debug|Any CPU.Build.0 = Debug|Any CPU
		{2D464B4A-93C7-45F4-B9AB-9B58B09FEE0D}.Release|Any CPU.ActiveCfg = Release|Any CPU
		{2D464B4A-93C7-45F4-B9AB-9B58B09FEE0D}.Release|Any CPU.Build.0 = Release|Any CPU
	EndGlobalSection
	GlobalSection(SolutionProperties) = preSolution
		HideSolutionNode = FALSE
	EndGlobalSection
	GlobalSection(ExtensibilityGlobals) = postSolution
		SolutionGuid = {06A5915F-13FD-48E7-BB74-94A66BFBE8D0}
	EndGlobalSection
EndGlobal
